// !$*UTF8*$!
{
	archiveVersion = 1;
	classes = {
	};
	objectVersion = 50;
	objects = {

/* Begin PBXBuildFile section */
		AF1D20E52519257200C6B243 /* LearnDoingApp.swift in Sources */ = {isa = PBXBuildFile; fileRef = AF1D20E42519257200C6B243 /* LearnDoingApp.swift */; };
		AF1D20E72519257200C6B243 /* ContentView.swift in Sources */ = {isa = PBXBuildFile; fileRef = AF1D20E62519257200C6B243 /* ContentView.swift */; };
		AF1D20E92519257600C6B243 /* Assets.xcassets in Resources */ = {isa = PBXBuildFile; fileRef = AF1D20E82519257600C6B243 /* Assets.xcassets */; };
		AF1D20EC2519257600C6B243 /* Preview Assets.xcassets in Resources */ = {isa = PBXBuildFile; fileRef = AF1D20EB2519257600C6B243 /* Preview Assets.xcassets */; };
		AF1D20F72519257700C6B243 /* LearnDoingTests.swift in Sources */ = {isa = PBXBuildFile; fileRef = AF1D20F62519257700C6B243 /* LearnDoingTests.swift */; };
		AF1D21022519257700C6B243 /* LearnDoingUITests.swift in Sources */ = {isa = PBXBuildFile; fileRef = AF1D21012519257700C6B243 /* LearnDoingUITests.swift */; };
		AF797E27251932C9005C9EDB /* CardView.swift in Sources */ = {isa = PBXBuildFile; fileRef = AF797E26251932C9005C9EDB /* CardView.swift */; };
		AF797E32251A51A6005C9EDB /* CardModel.swift in Sources */ = {isa = PBXBuildFile; fileRef = AF797E31251A51A6005C9EDB /* CardModel.swift */; };
		AF797E37251A526B005C9EDB /* CardData.swift in Sources */ = {isa = PBXBuildFile; fileRef = AF797E36251A526B005C9EDB /* CardData.swift */; };
		AF797E44251A9D1C005C9EDB /* sound-chime.mp3 in Resources */ = {isa = PBXBuildFile; fileRef = AF797E43251A9D1C005C9EDB /* sound-chime.mp3 */; };
		AF797E49251A9D4A005C9EDB /* PlaySound.swift in Sources */ = {isa = PBXBuildFile; fileRef = AF797E48251A9D4A005C9EDB /* PlaySound.swift */; };
		AF797E5B251AAD99005C9EDB /* Stickers.xcassets in Resources */ = {isa = PBXBuildFile; fileRef = AF797E5A251AAD99005C9EDB /* Stickers.xcassets */; };
		AF797E5F251AAD99005C9EDB /* Stickers.appex in Embed App Extensions */ = {isa = PBXBuildFile; fileRef = AF797E58251AAD96005C9EDB /* Stickers.appex */; settings = {ATTRIBUTES = (RemoveHeadersOnCopy, ); }; };
/* End PBXBuildFile section */

/* Begin PBXContainerItemProxy section */
		AF1D20F32519257700C6B243 /* PBXContainerItemProxy */ = {
			isa = PBXContainerItemProxy;
			containerPortal = AF1D20D92519257200C6B243 /* Project object */;
			proxyType = 1;
			remoteGlobalIDString = AF1D20E02519257200C6B243;
			remoteInfo = LearnDoing;
		};
		AF1D20FE2519257700C6B243 /* PBXContainerItemProxy */ = {
			isa = PBXContainerItemProxy;
			containerPortal = AF1D20D92519257200C6B243 /* Project object */;
			proxyType = 1;
			remoteGlobalIDString = AF1D20E02519257200C6B243;
			remoteInfo = LearnDoing;
		};
		AF797E5D251AAD99005C9EDB /* PBXContainerItemProxy */ = {
			isa = PBXContainerItemProxy;
			containerPortal = AF1D20D92519257200C6B243 /* Project object */;
			proxyType = 1;
			remoteGlobalIDString = AF797E57251AAD96005C9EDB;
			remoteInfo = Stickers;
		};
/* End PBXContainerItemProxy section */

/* Begin PBXCopyFilesBuildPhase section */
		AF797E60251AAD99005C9EDB /* Embed App Extensions */ = {
			isa = PBXCopyFilesBuildPhase;
			buildActionMask = 2147483647;
			dstPath = "";
			dstSubfolderSpec = 13;
			files = (
				AF797E5F251AAD99005C9EDB /* Stickers.appex in Embed App Extensions */,
			);
			name = "Embed App Extensions";
			runOnlyForDeploymentPostprocessing = 0;
		};
/* End PBXCopyFilesBuildPhase section */

/* Begin PBXFileReference section */
		AF1D20E12519257200C6B243 /* LearnDoing.app */ = {isa = PBXFileReference; explicitFileType = wrapper.application; includeInIndex = 0; path = LearnDoing.app; sourceTree = BUILT_PRODUCTS_DIR; };
		AF1D20E42519257200C6B243 /* LearnDoingApp.swift */ = {isa = PBXFileReference; lastKnownFileType = sourcecode.swift; path = LearnDoingApp.swift; sourceTree = "<group>"; };
		AF1D20E62519257200C6B243 /* ContentView.swift */ = {isa = PBXFileReference; lastKnownFileType = sourcecode.swift; path = ContentView.swift; sourceTree = "<group>"; };
		AF1D20E82519257600C6B243 /* Assets.xcassets */ = {isa = PBXFileReference; lastKnownFileType = folder.assetcatalog; path = Assets.xcassets; sourceTree = "<group>"; };
		AF1D20EB2519257600C6B243 /* Preview Assets.xcassets */ = {isa = PBXFileReference; lastKnownFileType = folder.assetcatalog; path = "Preview Assets.xcassets"; sourceTree = "<group>"; };
		AF1D20ED2519257600C6B243 /* Info.plist */ = {isa = PBXFileReference; lastKnownFileType = text.plist.xml; path = Info.plist; sourceTree = "<group>"; };
		AF1D20F22519257700C6B243 /* LearnDoingTests.xctest */ = {isa = PBXFileReference; explicitFileType = wrapper.cfbundle; includeInIndex = 0; path = LearnDoingTests.xctest; sourceTree = BUILT_PRODUCTS_DIR; };
		AF1D20F62519257700C6B243 /* LearnDoingTests.swift */ = {isa = PBXFileReference; lastKnownFileType = sourcecode.swift; path = LearnDoingTests.swift; sourceTree = "<group>"; };
		AF1D20F82519257700C6B243 /* Info.plist */ = {isa = PBXFileReference; lastKnownFileType = text.plist.xml; path = Info.plist; sourceTree = "<group>"; };
		AF1D20FD2519257700C6B243 /* LearnDoingUITests.xctest */ = {isa = PBXFileReference; explicitFileType = wrapper.cfbundle; includeInIndex = 0; path = LearnDoingUITests.xctest; sourceTree = BUILT_PRODUCTS_DIR; };
		AF1D21012519257700C6B243 /* LearnDoingUITests.swift */ = {isa = PBXFileReference; lastKnownFileType = sourcecode.swift; path = LearnDoingUITests.swift; sourceTree = "<group>"; };
		AF1D21032519257700C6B243 /* Info.plist */ = {isa = PBXFileReference; lastKnownFileType = text.plist.xml; path = Info.plist; sourceTree = "<group>"; };
		AF797E26251932C9005C9EDB /* CardView.swift */ = {isa = PBXFileReference; lastKnownFileType = sourcecode.swift; path = CardView.swift; sourceTree = "<group>"; };
		AF797E31251A51A6005C9EDB /* CardModel.swift */ = {isa = PBXFileReference; lastKnownFileType = sourcecode.swift; path = CardModel.swift; sourceTree = "<group>"; };
		AF797E36251A526B005C9EDB /* CardData.swift */ = {isa = PBXFileReference; lastKnownFileType = sourcecode.swift; path = CardData.swift; sourceTree = "<group>"; };
		AF797E43251A9D1C005C9EDB /* sound-chime.mp3 */ = {isa = PBXFileReference; lastKnownFileType = audio.mp3; path = "sound-chime.mp3"; sourceTree = "<group>"; };
		AF797E48251A9D4A005C9EDB /* PlaySound.swift */ = {isa = PBXFileReference; lastKnownFileType = sourcecode.swift; path = PlaySound.swift; sourceTree = "<group>"; };
		AF797E58251AAD96005C9EDB /* Stickers.appex */ = {isa = PBXFileReference; explicitFileType = "wrapper.app-extension"; includeInIndex = 0; path = Stickers.appex; sourceTree = BUILT_PRODUCTS_DIR; };
		AF797E5A251AAD99005C9EDB /* Stickers.xcassets */ = {isa = PBXFileReference; lastKnownFileType = folder.assetcatalog; path = Stickers.xcassets; sourceTree = "<group>"; };
		AF797E5C251AAD99005C9EDB /* Info.plist */ = {isa = PBXFileReference; lastKnownFileType = text.plist.xml; path = Info.plist; sourceTree = "<group>"; };
/* End PBXFileReference section */

/* Begin PBXFrameworksBuildPhase section */
		AF1D20DE2519257200C6B243 /* Frameworks */ = {
			isa = PBXFrameworksBuildPhase;
			buildActionMask = 2147483647;
			files = (
			);
			runOnlyForDeploymentPostprocessing = 0;
		};
		AF1D20EF2519257700C6B243 /* Frameworks */ = {
			isa = PBXFrameworksBuildPhase;
			buildActionMask = 2147483647;
			files = (
			);
			runOnlyForDeploymentPostprocessing = 0;
		};
		AF1D20FA2519257700C6B243 /* Frameworks */ = {
			isa = PBXFrameworksBuildPhase;
			buildActionMask = 2147483647;
			files = (
			);
			runOnlyForDeploymentPostprocessing = 0;
		};
/* End PBXFrameworksBuildPhase section */

/* Begin PBXGroup section */
		AF1D20D82519257200C6B243 = {
			isa = PBXGroup;
			children = (
				AF1D20E32519257200C6B243 /* LearnDoing */,
				AF1D20F52519257700C6B243 /* LearnDoingTests */,
				AF1D21002519257700C6B243 /* LearnDoingUITests */,
				AF797E59251AAD96005C9EDB /* Stickers */,
				AF1D20E22519257200C6B243 /* Products */,
			);
			sourceTree = "<group>";
		};
		AF1D20E22519257200C6B243 /* Products */ = {
			isa = PBXGroup;
			children = (
				AF1D20E12519257200C6B243 /* LearnDoing.app */,
				AF1D20F22519257700C6B243 /* LearnDoingTests.xctest */,
				AF1D20FD2519257700C6B243 /* LearnDoingUITests.xctest */,
				AF797E58251AAD96005C9EDB /* Stickers.appex */,
			);
			name = Products;
			sourceTree = "<group>";
		};
		AF1D20E32519257200C6B243 /* LearnDoing */ = {
			isa = PBXGroup;
			children = (
				AF797E43251A9D1C005C9EDB /* sound-chime.mp3 */,
				AF1D20E42519257200C6B243 /* LearnDoingApp.swift */,
				AF1D20E62519257200C6B243 /* ContentView.swift */,
				AF797E48251A9D4A005C9EDB /* PlaySound.swift */,
				AF797E31251A51A6005C9EDB /* CardModel.swift */,
				AF797E36251A526B005C9EDB /* CardData.swift */,
				AF797E26251932C9005C9EDB /* CardView.swift */,
				AF1D20E82519257600C6B243 /* Assets.xcassets */,
				AF1D20ED2519257600C6B243 /* Info.plist */,
				AF1D20EA2519257600C6B243 /* Preview Content */,
			);
			path = LearnDoing;
			sourceTree = "<group>";
		};
		AF1D20EA2519257600C6B243 /* Preview Content */ = {
			isa = PBXGroup;
			children = (
				AF1D20EB2519257600C6B243 /* Preview Assets.xcassets */,
			);
			path = "Preview Content";
			sourceTree = "<group>";
		};
		AF1D20F52519257700C6B243 /* LearnDoingTests */ = {
			isa = PBXGroup;
			children = (
				AF1D20F62519257700C6B243 /* LearnDoingTests.swift */,
				AF1D20F82519257700C6B243 /* Info.plist */,
			);
			path = LearnDoingTests;
			sourceTree = "<group>";
		};
		AF1D21002519257700C6B243 /* LearnDoingUITests */ = {
			isa = PBXGroup;
			children = (
				AF1D21012519257700C6B243 /* LearnDoingUITests.swift */,
				AF1D21032519257700C6B243 /* Info.plist */,
			);
			path = LearnDoingUITests;
			sourceTree = "<group>";
		};
		AF797E59251AAD96005C9EDB /* Stickers */ = {
			isa = PBXGroup;
			children = (
				AF797E5A251AAD99005C9EDB /* Stickers.xcassets */,
				AF797E5C251AAD99005C9EDB /* Info.plist */,
			);
			path = Stickers;
			sourceTree = "<group>";
		};
/* End PBXGroup section */

/* Begin PBXNativeTarget section */
		AF1D20E02519257200C6B243 /* LearnDoing */ = {
			isa = PBXNativeTarget;
			buildConfigurationList = AF1D21062519257700C6B243 /* Build configuration list for PBXNativeTarget "LearnDoing" */;
			buildPhases = (
				AF1D20DD2519257200C6B243 /* Sources */,
				AF1D20DE2519257200C6B243 /* Frameworks */,
				AF1D20DF2519257200C6B243 /* Resources */,
				AF797E60251AAD99005C9EDB /* Embed App Extensions */,
			);
			buildRules = (
			);
			dependencies = (
				AF797E5E251AAD99005C9EDB /* PBXTargetDependency */,
			);
			name = LearnDoing;
			productName = LearnDoing;
			productReference = AF1D20E12519257200C6B243 /* LearnDoing.app */;
			productType = "com.apple.product-type.application";
		};
		AF1D20F12519257700C6B243 /* LearnDoingTests */ = {
			isa = PBXNativeTarget;
			buildConfigurationList = AF1D21092519257700C6B243 /* Build configuration list for PBXNativeTarget "LearnDoingTests" */;
			buildPhases = (
				AF1D20EE2519257700C6B243 /* Sources */,
				AF1D20EF2519257700C6B243 /* Frameworks */,
				AF1D20F02519257700C6B243 /* Resources */,
			);
			buildRules = (
			);
			dependencies = (
				AF1D20F42519257700C6B243 /* PBXTargetDependency */,
			);
			name = LearnDoingTests;
			productName = LearnDoingTests;
			productReference = AF1D20F22519257700C6B243 /* LearnDoingTests.xctest */;
			productType = "com.apple.product-type.bundle.unit-test";
		};
		AF1D20FC2519257700C6B243 /* LearnDoingUITests */ = {
			isa = PBXNativeTarget;
			buildConfigurationList = AF1D210C2519257700C6B243 /* Build configuration list for PBXNativeTarget "LearnDoingUITests" */;
			buildPhases = (
				AF1D20F92519257700C6B243 /* Sources */,
				AF1D20FA2519257700C6B243 /* Frameworks */,
				AF1D20FB2519257700C6B243 /* Resources */,
			);
			buildRules = (
			);
			dependencies = (
				AF1D20FF2519257700C6B243 /* PBXTargetDependency */,
			);
			name = LearnDoingUITests;
			productName = LearnDoingUITests;
			productReference = AF1D20FD2519257700C6B243 /* LearnDoingUITests.xctest */;
			productType = "com.apple.product-type.bundle.ui-testing";
		};
		AF797E57251AAD96005C9EDB /* Stickers */ = {
			isa = PBXNativeTarget;
			buildConfigurationList = AF797E63251AAD99005C9EDB /* Build configuration list for PBXNativeTarget "Stickers" */;
			buildPhases = (
				AF797E56251AAD96005C9EDB /* Resources */,
			);
			buildRules = (
			);
			dependencies = (
			);
			name = Stickers;
			productName = Stickers;
			productReference = AF797E58251AAD96005C9EDB /* Stickers.appex */;
			productType = "com.apple.product-type.app-extension.messages-sticker-pack";
		};
/* End PBXNativeTarget section */

/* Begin PBXProject section */
		AF1D20D92519257200C6B243 /* Project object */ = {
			isa = PBXProject;
			attributes = {
				LastSwiftUpdateCheck = 1200;
				LastUpgradeCheck = 1200;
				TargetAttributes = {
					AF1D20E02519257200C6B243 = {
						CreatedOnToolsVersion = 12.0;
					};
					AF1D20F12519257700C6B243 = {
						CreatedOnToolsVersion = 12.0;
						TestTargetID = AF1D20E02519257200C6B243;
					};
					AF1D20FC2519257700C6B243 = {
						CreatedOnToolsVersion = 12.0;
						TestTargetID = AF1D20E02519257200C6B243;
					};
					AF797E57251AAD96005C9EDB = {
						CreatedOnToolsVersion = 12.0;
					};
				};
			};
			buildConfigurationList = AF1D20DC2519257200C6B243 /* Build configuration list for PBXProject "LearnDoing" */;
			compatibilityVersion = "Xcode 9.3";
			developmentRegion = en;
			hasScannedForEncodings = 0;
			knownRegions = (
				en,
				Base,
			);
			mainGroup = AF1D20D82519257200C6B243;
			productRefGroup = AF1D20E22519257200C6B243 /* Products */;
			projectDirPath = "";
			projectRoot = "";
			targets = (
				AF1D20E02519257200C6B243 /* LearnDoing */,
				AF1D20F12519257700C6B243 /* LearnDoingTests */,
				AF1D20FC2519257700C6B243 /* LearnDoingUITests */,
				AF797E57251AAD96005C9EDB /* Stickers */,
			);
		};
/* End PBXProject section */

/* Begin PBXResourcesBuildPhase section */
		AF1D20DF2519257200C6B243 /* Resources */ = {
			isa = PBXResourcesBuildPhase;
			buildActionMask = 2147483647;
			files = (
				AF1D20EC2519257600C6B243 /* Preview Assets.xcassets in Resources */,
				AF797E44251A9D1C005C9EDB /* sound-chime.mp3 in Resources */,
				AF1D20E92519257600C6B243 /* Assets.xcassets in Resources */,
			);
			runOnlyForDeploymentPostprocessing = 0;
		};
		AF1D20F02519257700C6B243 /* Resources */ = {
			isa = PBXResourcesBuildPhase;
			buildActionMask = 2147483647;
			files = (
			);
			runOnlyForDeploymentPostprocessing = 0;
		};
		AF1D20FB2519257700C6B243 /* Resources */ = {
			isa = PBXResourcesBuildPhase;
			buildActionMask = 2147483647;
			files = (
			);
			runOnlyForDeploymentPostprocessing = 0;
		};
		AF797E56251AAD96005C9EDB /* Resources */ = {
			isa = PBXResourcesBuildPhase;
			buildActionMask = 2147483647;
			files = (
				AF797E5B251AAD99005C9EDB /* Stickers.xcassets in Resources */,
			);
			runOnlyForDeploymentPostprocessing = 0;
		};
/* End PBXResourcesBuildPhase section */

/* Begin PBXSourcesBuildPhase section */
		AF1D20DD2519257200C6B243 /* Sources */ = {
			isa = PBXSourcesBuildPhase;
			buildActionMask = 2147483647;
			files = (
				AF797E37251A526B005C9EDB /* CardData.swift in Sources */,
				AF797E49251A9D4A005C9EDB /* PlaySound.swift in Sources */,
				AF1D20E72519257200C6B243 /* ContentView.swift in Sources */,
				AF797E32251A51A6005C9EDB /* CardModel.swift in Sources */,
				AF797E27251932C9005C9EDB /* CardView.swift in Sources */,
				AF1D20E52519257200C6B243 /* LearnDoingApp.swift in Sources */,
			);
			runOnlyForDeploymentPostprocessing = 0;
		};
		AF1D20EE2519257700C6B243 /* Sources */ = {
			isa = PBXSourcesBuildPhase;
			buildActionMask = 2147483647;
			files = (
				AF1D20F72519257700C6B243 /* LearnDoingTests.swift in Sources */,
			);
			runOnlyForDeploymentPostprocessing = 0;
		};
		AF1D20F92519257700C6B243 /* Sources */ = {
			isa = PBXSourcesBuildPhase;
			buildActionMask = 2147483647;
			files = (
				AF1D21022519257700C6B243 /* LearnDoingUITests.swift in Sources */,
			);
			runOnlyForDeploymentPostprocessing = 0;
		};
/* End PBXSourcesBuildPhase section */

/* Begin PBXTargetDependency section */
		AF1D20F42519257700C6B243 /* PBXTargetDependency */ = {
			isa = PBXTargetDependency;
			target = AF1D20E02519257200C6B243 /* LearnDoing */;
			targetProxy = AF1D20F32519257700C6B243 /* PBXContainerItemProxy */;
		};
		AF1D20FF2519257700C6B243 /* PBXTargetDependency */ = {
			isa = PBXTargetDependency;
			target = AF1D20E02519257200C6B243 /* LearnDoing */;
			targetProxy = AF1D20FE2519257700C6B243 /* PBXContainerItemProxy */;
		};
		AF797E5E251AAD99005C9EDB /* PBXTargetDependency */ = {
			isa = PBXTargetDependency;
			target = AF797E57251AAD96005C9EDB /* Stickers */;
			targetProxy = AF797E5D251AAD99005C9EDB /* PBXContainerItemProxy */;
		};
/* End PBXTargetDependency section */

/* Begin XCBuildConfiguration section */
		AF1D21042519257700C6B243 /* Debug */ = {
			isa = XCBuildConfiguration;
			buildSettings = {
				ALWAYS_SEARCH_USER_PATHS = NO;
				CLANG_ANALYZER_NONNULL = YES;
				CLANG_ANALYZER_NUMBER_OBJECT_CONVERSION = YES_AGGRESSIVE;
				CLANG_CXX_LANGUAGE_STANDARD = "gnu++14";
				CLANG_CXX_LIBRARY = "libc++";
				CLANG_ENABLE_MODULES = YES;
				CLANG_ENABLE_OBJC_ARC = YES;
				CLANG_ENABLE_OBJC_WEAK = YES;
				CLANG_WARN_BLOCK_CAPTURE_AUTORELEASING = YES;
				CLANG_WARN_BOOL_CONVERSION = YES;
				CLANG_WARN_COMMA = YES;
				CLANG_WARN_CONSTANT_CONVERSION = YES;
				CLANG_WARN_DEPRECATED_OBJC_IMPLEMENTATIONS = YES;
				CLANG_WARN_DIRECT_OBJC_ISA_USAGE = YES_ERROR;
				CLANG_WARN_DOCUMENTATION_COMMENTS = YES;
				CLANG_WARN_EMPTY_BODY = YES;
				CLANG_WARN_ENUM_CONVERSION = YES;
				CLANG_WARN_INFINITE_RECURSION = YES;
				CLANG_WARN_INT_CONVERSION = YES;
				CLANG_WARN_NON_LITERAL_NULL_CONVERSION = YES;
				CLANG_WARN_OBJC_IMPLICIT_RETAIN_SELF = YES;
				CLANG_WARN_OBJC_LITERAL_CONVERSION = YES;
				CLANG_WARN_OBJC_ROOT_CLASS = YES_ERROR;
				CLANG_WARN_QUOTED_INCLUDE_IN_FRAMEWORK_HEADER = YES;
				CLANG_WARN_RANGE_LOOP_ANALYSIS = YES;
				CLANG_WARN_STRICT_PROTOTYPES = YES;
				CLANG_WARN_SUSPICIOUS_MOVE = YES;
				CLANG_WARN_UNGUARDED_AVAILABILITY = YES_AGGRESSIVE;
				CLANG_WARN_UNREACHABLE_CODE = YES;
				CLANG_WARN__DUPLICATE_METHOD_MATCH = YES;
				COPY_PHASE_STRIP = NO;
				DEBUG_INFORMATION_FORMAT = dwarf;
				ENABLE_STRICT_OBJC_MSGSEND = YES;
				ENABLE_TESTABILITY = YES;
				GCC_C_LANGUAGE_STANDARD = gnu11;
				GCC_DYNAMIC_NO_PIC = NO;
				GCC_NO_COMMON_BLOCKS = YES;
				GCC_OPTIMIZATION_LEVEL = 0;
				GCC_PREPROCESSOR_DEFINITIONS = (
					"DEBUG=1",
					"$(inherited)",
				);
				GCC_WARN_64_TO_32_BIT_CONVERSION = YES;
				GCC_WARN_ABOUT_RETURN_TYPE = YES_ERROR;
				GCC_WARN_UNDECLARED_SELECTOR = YES;
				GCC_WARN_UNINITIALIZED_AUTOS = YES_AGGRESSIVE;
				GCC_WARN_UNUSED_FUNCTION = YES;
				GCC_WARN_UNUSED_VARIABLE = YES;
				IPHONEOS_DEPLOYMENT_TARGET = 14.0;
				MTL_ENABLE_DEBUG_INFO = INCLUDE_SOURCE;
				MTL_FAST_MATH = YES;
				ONLY_ACTIVE_ARCH = YES;
				SDKROOT = iphoneos;
				SWIFT_ACTIVE_COMPILATION_CONDITIONS = DEBUG;
				SWIFT_OPTIMIZATION_LEVEL = "-Onone";
			};
			name = Debug;
		};
		AF1D21052519257700C6B243 /* Release */ = {
			isa = XCBuildConfiguration;
			buildSettings = {
				ALWAYS_SEARCH_USER_PATHS = NO;
				CLANG_ANALYZER_NONNULL = YES;
				CLANG_ANALYZER_NUMBER_OBJECT_CONVERSION = YES_AGGRESSIVE;
				CLANG_CXX_LANGUAGE_STANDARD = "gnu++14";
				CLANG_CXX_LIBRARY = "libc++";
				CLANG_ENABLE_MODULES = YES;
				CLANG_ENABLE_OBJC_ARC = YES;
				CLANG_ENABLE_OBJC_WEAK = YES;
				CLANG_WARN_BLOCK_CAPTURE_AUTORELEASING = YES;
				CLANG_WARN_BOOL_CONVERSION = YES;
				CLANG_WARN_COMMA = YES;
				CLANG_WARN_CONSTANT_CONVERSION = YES;
				CLANG_WARN_DEPRECATED_OBJC_IMPLEMENTATIONS = YES;
				CLANG_WARN_DIRECT_OBJC_ISA_USAGE = YES_ERROR;
				CLANG_WARN_DOCUMENTATION_COMMENTS = YES;
				CLANG_WARN_EMPTY_BODY = YES;
				CLANG_WARN_ENUM_CONVERSION = YES;
				CLANG_WARN_INFINITE_RECURSION = YES;
				CLANG_WARN_INT_CONVERSION = YES;
				CLANG_WARN_NON_LITERAL_NULL_CONVERSION = YES;
				CLANG_WARN_OBJC_IMPLICIT_RETAIN_SELF = YES;
				CLANG_WARN_OBJC_LITERAL_CONVERSION = YES;
				CLANG_WARN_OBJC_ROOT_CLASS = YES_ERROR;
				CLANG_WARN_QUOTED_INCLUDE_IN_FRAMEWORK_HEADER = YES;
				CLANG_WARN_RANGE_LOOP_ANALYSIS = YES;
				CLANG_WARN_STRICT_PROTOTYPES = YES;
				CLANG_WARN_SUSPICIOUS_MOVE = YES;
				CLANG_WARN_UNGUARDED_AVAILABILITY = YES_AGGRESSIVE;
				CLANG_WARN_UNREACHABLE_CODE = YES;
				CLANG_WARN__DUPLICATE_METHOD_MATCH = YES;
				COPY_PHASE_STRIP = NO;
				DEBUG_INFORMATION_FORMAT = "dwarf-with-dsym";
				ENABLE_NS_ASSERTIONS = NO;
				ENABLE_STRICT_OBJC_MSGSEND = YES;
				GCC_C_LANGUAGE_STANDARD = gnu11;
				GCC_NO_COMMON_BLOCKS = YES;
				GCC_WARN_64_TO_32_BIT_CONVERSION = YES;
				GCC_WARN_ABOUT_RETURN_TYPE = YES_ERROR;
				GCC_WARN_UNDECLARED_SELECTOR = YES;
				GCC_WARN_UNINITIALIZED_AUTOS = YES_AGGRESSIVE;
				GCC_WARN_UNUSED_FUNCTION = YES;
				GCC_WARN_UNUSED_VARIABLE = YES;
				IPHONEOS_DEPLOYMENT_TARGET = 14.0;
				MTL_ENABLE_DEBUG_INFO = NO;
				MTL_FAST_MATH = YES;
				SDKROOT = iphoneos;
				SWIFT_COMPILATION_MODE = wholemodule;
				SWIFT_OPTIMIZATION_LEVEL = "-O";
				VALIDATE_PRODUCT = YES;
			};
			name = Release;
		};
		AF1D21072519257700C6B243 /* Debug */ = {
			isa = XCBuildConfiguration;
			buildSettings = {
				ASSETCATALOG_COMPILER_APPICON_NAME = AppIcon;
				ASSETCATALOG_COMPILER_GLOBAL_ACCENT_COLOR_NAME = AccentColor;
				CODE_SIGN_STYLE = Automatic;
				DEVELOPMENT_ASSET_PATHS = "\"LearnDoing/Preview Content\"";
				DEVELOPMENT_TEAM = PTDDPSLG9G;
				ENABLE_PREVIEWS = YES;
				INFOPLIST_FILE = LearnDoing/Info.plist;
				IPHONEOS_DEPLOYMENT_TARGET = 14.0;
				LD_RUNPATH_SEARCH_PATHS = (
					"$(inherited)",
					"@executable_path/Frameworks",
				);
				PRODUCT_BUNDLE_IDENTIFIER = com.vngrs.LearnDoing;
				PRODUCT_NAME = "$(TARGET_NAME)";
				SWIFT_VERSION = 5.0;
				TARGETED_DEVICE_FAMILY = "1,2";
			};
			name = Debug;
		};
		AF1D21082519257700C6B243 /* Release */ = {
			isa = XCBuildConfiguration;
			buildSettings = {
				ASSETCATALOG_COMPILER_APPICON_NAME = AppIcon;
				ASSETCATALOG_COMPILER_GLOBAL_ACCENT_COLOR_NAME = AccentColor;
				CODE_SIGN_STYLE = Automatic;
				DEVELOPMENT_ASSET_PATHS = "\"LearnDoing/Preview Content\"";
				DEVELOPMENT_TEAM = PTDDPSLG9G;
				ENABLE_PREVIEWS = YES;
				INFOPLIST_FILE = LearnDoing/Info.plist;
				IPHONEOS_DEPLOYMENT_TARGET = 14.0;
				LD_RUNPATH_SEARCH_PATHS = (
					"$(inherited)",
					"@executable_path/Frameworks",
				);
				PRODUCT_BUNDLE_IDENTIFIER = com.vngrs.LearnDoing;
				PRODUCT_NAME = "$(TARGET_NAME)";
				SWIFT_VERSION = 5.0;
				TARGETED_DEVICE_FAMILY = "1,2";
			};
			name = Release;
		};
		AF1D210A2519257700C6B243 /* Debug */ = {
			isa = XCBuildConfiguration;
			buildSettings = {
				ALWAYS_EMBED_SWIFT_STANDARD_LIBRARIES = YES;
				BUNDLE_LOADER = "$(TEST_HOST)";
				CODE_SIGN_STYLE = Automatic;
				DEVELOPMENT_TEAM = PTDDPSLG9G;
				INFOPLIST_FILE = LearnDoingTests/Info.plist;
				IPHONEOS_DEPLOYMENT_TARGET = 14.0;
				LD_RUNPATH_SEARCH_PATHS = (
					"$(inherited)",
					"@executable_path/Frameworks",
					"@loader_path/Frameworks",
				);
				PRODUCT_BUNDLE_IDENTIFIER = com.vngrs.LearnDoingTests;
				PRODUCT_NAME = "$(TARGET_NAME)";
				SWIFT_VERSION = 5.0;
				TARGETED_DEVICE_FAMILY = "1,2";
				TEST_HOST = "$(BUILT_PRODUCTS_DIR)/LearnDoing.app/LearnDoing";
			};
			name = Debug;
		};
		AF1D210B2519257700C6B243 /* Release */ = {
			isa = XCBuildConfiguration;
			buildSettings = {
				ALWAYS_EMBED_SWIFT_STANDARD_LIBRARIES = YES;
				BUNDLE_LOADER = "$(TEST_HOST)";
				CODE_SIGN_STYLE = Automatic;
				DEVELOPMENT_TEAM = PTDDPSLG9G;
				INFOPLIST_FILE = LearnDoingTests/Info.plist;
				IPHONEOS_DEPLOYMENT_TARGET = 14.0;
				LD_RUNPATH_SEARCH_PATHS = (
					"$(inherited)",
					"@executable_path/Frameworks",
					"@loader_path/Frameworks",
				);
				PRODUCT_BUNDLE_IDENTIFIER = com.vngrs.LearnDoingTests;
				PRODUCT_NAME = "$(TARGET_NAME)";
				SWIFT_VERSION = 5.0;
				TARGETED_DEVICE_FAMILY = "1,2";
				TEST_HOST = "$(BUILT_PRODUCTS_DIR)/LearnDoing.app/LearnDoing";
			};
			name = Release;
		};
		AF1D210D2519257700C6B243 /* Debug */ = {
			isa = XCBuildConfiguration;
			buildSettings = {
				ALWAYS_EMBED_SWIFT_STANDARD_LIBRARIES = YES;
				CODE_SIGN_STYLE = Automatic;
				DEVELOPMENT_TEAM = PTDDPSLG9G;
				INFOPLIST_FILE = LearnDoingUITests/Info.plist;
				LD_RUNPATH_SEARCH_PATHS = (
					"$(inherited)",
					"@executable_path/Frameworks",
					"@loader_path/Frameworks",
				);
				PRODUCT_BUNDLE_IDENTIFIER = com.vngrs.LearnDoingUITests;
				PRODUCT_NAME = "$(TARGET_NAME)";
				SWIFT_VERSION = 5.0;
				TARGETED_DEVICE_FAMILY = "1,2";
				TEST_TARGET_NAME = LearnDoing;
			};
			name = Debug;
		};
		AF1D210E2519257700C6B243 /* Release */ = {
			isa = XCBuildConfiguration;
			buildSettings = {
				ALWAYS_EMBED_SWIFT_STANDARD_LIBRARIES = YES;
				CODE_SIGN_STYLE = Automatic;
				DEVELOPMENT_TEAM = PTDDPSLG9G;
				INFOPLIST_FILE = LearnDoingUITests/Info.plist;
				LD_RUNPATH_SEARCH_PATHS = (
					"$(inherited)",
					"@executable_path/Frameworks",
					"@loader_path/Frameworks",
				);
				PRODUCT_BUNDLE_IDENTIFIER = com.vngrs.LearnDoingUITests;
				PRODUCT_NAME = "$(TARGET_NAME)";
				SWIFT_VERSION = 5.0;
				TARGETED_DEVICE_FAMILY = "1,2";
				TEST_TARGET_NAME = LearnDoing;
			};
			name = Release;
		};
		AF797E61251AAD99005C9EDB /* Debug */ = {
			isa = XCBuildConfiguration;
			buildSettings = {
				ASSETCATALOG_COMPILER_APPICON_NAME = "iMessage App Icon";
				CODE_SIGN_STYLE = Automatic;
				DEVELOPMENT_TEAM = PTDDPSLG9G;
				INFOPLIST_FILE = Stickers/Info.plist;
				IPHONEOS_DEPLOYMENT_TARGET = 10.0;
				PRODUCT_BUNDLE_IDENTIFIER = com.vngrs.LearnDoing.Stickers;
				PRODUCT_NAME = "$(TARGET_NAME)";
				SKIP_INSTALL = YES;
				TARGETED_DEVICE_FAMILY = "1,2";
			};
			name = Debug;
		};
		AF797E62251AAD99005C9EDB /* Release */ = {
			isa = XCBuildConfiguration;
			buildSettings = {
				ASSETCATALOG_COMPILER_APPICON_NAME = "iMessage App Icon";
				CODE_SIGN_STYLE = Automatic;
				DEVELOPMENT_TEAM = PTDDPSLG9G;
				INFOPLIST_FILE = Stickers/Info.plist;
				IPHONEOS_DEPLOYMENT_TARGET = 10.0;
				PRODUCT_BUNDLE_IDENTIFIER = com.vngrs.LearnDoing.Stickers;
				PRODUCT_NAME = "$(TARGET_NAME)";
				SKIP_INSTALL = YES;
				TARGETED_DEVICE_FAMILY = "1,2";
			};
			name = Release;
		};
/* End XCBuildConfiguration section */

/* Begin XCConfigurationList section */
		AF1D20DC2519257200C6B243 /* Build configuration list for PBXProject "LearnDoing" */ = {
			isa = XCConfigurationList;
			buildConfigurations = (
				AF1D21042519257700C6B243 /* Debug */,
				AF1D21052519257700C6B243 /* Release */,
			);
			defaultConfigurationIsVisible = 0;
			defaultConfigurationName = Release;
		};
		AF1D21062519257700C6B243 /* Build configuration list for PBXNativeTarget "LearnDoing" */ = {
			isa = XCConfigurationList;
			buildConfigurations = (
				AF1D21072519257700C6B243 /* Debug */,
				AF1D21082519257700C6B243 /* Release */,
			);
			defaultConfigurationIsVisible = 0;
			defaultConfigurationName = Release;
		};
		AF1D21092519257700C6B243 /* Build configuration list for PBXNativeTarget "LearnDoingTests" */ = {
			isa = XCConfigurationList;
			buildConfigurations = (
				AF1D210A2519257700C6B243 /* Debug */,
				AF1D210B2519257700C6B243 /* Release */,
			);
			defaultConfigurationIsVisible = 0;
			defaultConfigurationName = Release;
		};
		AF1D210C2519257700C6B243 /* Build configuration list for PBXNativeTarget "LearnDoingUITests" */ = {
			isa = XCConfigurationList;
			buildConfigurations = (
				AF1D210D2519257700C6B243 /* Debug */,
				AF1D210E2519257700C6B243 /* Release */,
			);
			defaultConfigurationIsVisible = 0;
			defaultConfigurationName = Release;
		};
		AF797E63251AAD99005C9EDB /* Build configuration list for PBXNativeTarget "Stickers" */ = {
			isa = XCConfigurationList;
			buildConfigurations = (
				AF797E61251AAD99005C9EDB /* Debug */,
				AF797E62251AAD99005C9EDB /* Release */,
			);
			defaultConfigurationIsVisible = 0;
			defaultConfigurationName = Release;
		};
/* End XCConfigurationList section */
	};
	rootObject = AF1D20D92519257200C6B243 /* Project object */;
}
